{
  "requires": true,
  "lockfileVersion": 1,
  "dependencies": {
    "vue": {
      "version": "2.6.5",
      "resolved": "https://registry.npmjs.org/vue/-/vue-2.6.5.tgz",
      "integrity": "sha512-htb449YZnpJ5ts+JjXQHVuvH3R3dcaGBe6/ePAwtsRj4cA1FG/OI0rHDCSMs+L9ZHDzpX7ru//Usb/2R3XfQaQ=="
    }
  }
}
